
Microsoft Visual Studio Solution File, Format Version 12.00
# Visual Studio Version 16
VisualStudioVersion = 16.0.28902.138
MinimumVisualStudioVersion = 15.0.26124.0
Project("{9A19103F-16F7-4668-BE54-9A1E7A4F7556}") = "ApiGateway", "ApiGateway\ApiGateway.csproj", "{F83A4D94-1EF3-467B-AF17-E54BB3D6B8FB}"
EndProject
Project("{9A19103F-16F7-4668-BE54-9A1E7A4F7556}") = "Service1", "Service1\Service1.csproj", "{503CBB5B-5790-4A47-83FA-06DDF4872056}"
EndProject
Project("{FAE04EC0-301F-11D3-BF4B-00C04F79EFBC}") = "KubeClient", "KubeClient\KubeClient.csproj", "{2D8F90FE-6268-41CD-B824-3EEFFDA35798}"
EndProject
Global
	GlobalSection(SolutionConfigurationPlatforms) = preSolution
		Debug|Any CPU = Debug|Any CPU
		Debug|x64 = Debug|x64
		Debug|x86 = Debug|x86
		Release|Any CPU = Release|Any CPU
		Release|x64 = Release|x64
		Release|x86 = Release|x86
	EndGlobalSection
	GlobalSection(ProjectConfigurationPlatforms) = postSolution
		{F83A4D94-1EF3-467B-AF17-E54BB3D6B8FB}.Debug|Any CPU.ActiveCfg = Debug|Any CPU
		{F83A4D94-1EF3-467B-AF17-E54BB3D6B8FB}.Debug|Any CPU.Build.0 = Debug|Any CPU
		{F83A4D94-1EF3-467B-AF17-E54BB3D6B8FB}.Debug|x64.ActiveCfg = Debug|Any CPU
		{F83A4D94-1EF3-467B-AF17-E54BB3D6B8FB}.Debug|x64.Build.0 = Debug|Any CPU
		{F83A4D94-1EF3-467B-AF17-E54BB3D6B8FB}.Debug|x86.ActiveCfg = Debug|Any CPU
		{F83A4D94-1EF3-467B-AF17-E54BB3D6B8FB}.Debug|x86.Build.0 = Debug|Any CPU
		{F83A4D94-1EF3-467B-AF17-E54BB3D6B8FB}.Release|Any CPU.ActiveCfg = Release|Any CPU
		{F83A4D94-1EF3-467B-AF17-E54BB3D6B8FB}.Release|Any CPU.Build.0 = Release|Any CPU
		{F83A4D94-1EF3-467B-AF17-E54BB3D6B8FB}.Release|x64.ActiveCfg = Release|Any CPU
		{F83A4D94-1EF3-467B-AF17-E54BB3D6B8FB}.Release|x64.Build.0 = Release|Any CPU
		{F83A4D94-1EF3-467B-AF17-E54BB3D6B8FB}.Release|x86.ActiveCfg = Release|Any CPU
		{F83A4D94-1EF3-467B-AF17-E54BB3D6B8FB}.Release|x86.Build.0 = Release|Any CPU
		{503CBB5B-5790-4A47-83FA-06DDF4872056}.Debug|Any CPU.ActiveCfg = Debug|Any CPU
		{503CBB5B-5790-4A47-83FA-06DDF4872056}.Debug|Any CPU.Build.0 = Debug|Any CPU
		{503CBB5B-5790-4A47-83FA-06DDF4872056}.Debug|x64.ActiveCfg = Debug|Any CPU
		{503CBB5B-5790-4A47-83FA-06DDF4872056}.Debug|x64.Build.0 = Debug|Any CPU
		{503CBB5B-5790-4A47-83FA-06DDF4872056}.Debug|x86.ActiveCfg = Debug|Any CPU
		{503CBB5B-5790-4A47-83FA-06DDF4872056}.Debug|x86.Build.0 = Debug|Any CPU
		{503CBB5B-5790-4A47-83FA-06DDF4872056}.Release|Any CPU.ActiveCfg = Release|Any CPU
		{503CBB5B-5790-4A47-83FA-06DDF4872056}.Release|Any CPU.Build.0 = Release|Any CPU
		{503CBB5B-5790-4A47-83FA-06DDF4872056}.Release|x64.ActiveCfg = Release|Any CPU
		{503CBB5B-5790-4A47-83FA-06DDF4872056}.Release|x64.Build.0 = Release|Any CPU
		{503CBB5B-5790-4A47-83FA-06DDF4872056}.Release|x86.ActiveCfg = Release|Any CPU
		{503CBB5B-5790-4A47-83FA-06DDF4872056}.Release|x86.Build.0 = Release|Any CPU
		{2D8F90FE-6268-41CD-B824-3EEFFDA35798}.Debug|Any CPU.ActiveCfg = Debug|Any CPU
		{2D8F90FE-6268-41CD-B824-3EEFFDA35798}.Debug|Any CPU.Build.0 = Debug|Any CPU
		{2D8F90FE-6268-41CD-B824-3EEFFDA35798}.Debug|x64.ActiveCfg = Debug|Any CPU
		{2D8F90FE-6268-41CD-B824-3EEFFDA35798}.Debug|x64.Build.0 = Debug|Any CPU
		{2D8F90FE-6268-41CD-B824-3EEFFDA35798}.Debug|x86.ActiveCfg = Debug|Any CPU
		{2D8F90FE-6268-41CD-B824-3EEFFDA35798}.Debug|x86.Build.0 = Debug|Any CPU
		{2D8F90FE-6268-41CD-B824-3EEFFDA35798}.Release|Any CPU.ActiveCfg = Release|Any CPU
		{2D8F90FE-6268-41CD-B824-3EEFFDA35798}.Release|Any CPU.Build.0 = Release|Any CPU
		{2D8F90FE-6268-41CD-B824-3EEFFDA35798}.Release|x64.ActiveCfg = Release|Any CPU
		{2D8F90FE-6268-41CD-B824-3EEFFDA35798}.Release|x64.Build.0 = Release|Any CPU
		{2D8F90FE-6268-41CD-B824-3EEFFDA35798}.Release|x86.ActiveCfg = Release|Any CPU
		{2D8F90FE-6268-41CD-B824-3EEFFDA35798}.Release|x86.Build.0 = Release|Any CPU
	EndGlobalSection
	GlobalSection(SolutionProperties) = preSolution
		HideSolutionNode = FALSE
	EndGlobalSection
	GlobalSection(ExtensibilityGlobals) = postSolution
		SolutionGuid = {85C53344-7735-4CB0-81A5-5832EDD7B764}
	EndGlobalSection
EndGlobal
